
Microsoft Visual Studio Solution File, Format Version 12.00
# Visual Studio 15
VisualStudioVersion = 15.0.27130.2010
MinimumVisualStudioVersion = 10.0.40219.1
Project("{FAE04EC0-301F-11D3-BF4B-00C04F79EFBC}") = "Example2", "Example2\Example2.csproj", "{F4292B2B-65E3-477F-8290-36C8904AA052}"
EndProject
Global
	GlobalSection(SolutionConfigurationPlatforms) = preSolution
		Debug|Any CPU = Debug|Any CPU
		Release|Any CPU = Release|Any CPU
	EndGlobalSection
	GlobalSection(ProjectConfigurationPlatforms) = postSolution
		{F4292B2B-65E3-477F-8290-36C8904AA052}.Debug|Any CPU.ActiveCfg = Debug|Any CPU
		{F4292B2B-65E3-477F-8290-36C8904AA052}.Debug|Any CPU.Build.0 = Debug|Any CPU
		{F4292B2B-65E3-477F-8290-36C8904AA052}.Release|Any CPU.ActiveCfg = Release|Any CPU
		{F4292B2B-65E3-477F-8290-36C8904AA052}.Release|Any CPU.Build.0 = Release|Any CPU
	EndGlobalSection
	GlobalSection(SolutionProperties) = preSolution
		HideSolutionNode = FALSE
	EndGlobalSection
	GlobalSection(ExtensibilityGlobals) = postSolution
		SolutionGuid = {FBB4A920-EC3F-41F0-BBF1-381CA4B0C1E2}
	EndGlobalSection
EndGlobal
